
Microsoft Visual Studio Solution File, Format Version 12.00
# Visual Studio Version 17
VisualStudioVersion = 17.14.36121.58 d17.14
MinimumVisualStudioVersion = 10.0.40219.1
Project("{FAE04EC0-301F-11D3-BF4B-00C04F79EFBC}") = "GenAI.API", "GenAI.API.csproj", "{5DABACD5-9B1B-46ED-9099-36254742FA2B}"
EndProject
Global
	GlobalSection(SolutionConfigurationPlatforms) = preSolution
		Debug|Any CPU = Debug|Any CPU
		Release|Any CPU = Release|Any CPU
	EndGlobalSection
	GlobalSection(ProjectConfigurationPlatforms) = postSolution
		{5DABACD5-9B1B-46ED-9099-36254742FA2B}.Debug|Any CPU.ActiveCfg = Debug|Any CPU
		{5DABACD5-9B1B-46ED-9099-36254742FA2B}.Debug|Any CPU.Build.0 = Debug|Any CPU
		{5DABACD5-9B1B-46ED-9099-36254742FA2B}.Release|Any CPU.ActiveCfg = Release|Any CPU
		{5DABACD5-9B1B-46ED-9099-36254742FA2B}.Release|Any CPU.Build.0 = Release|Any CPU
	EndGlobalSection
	GlobalSection(SolutionProperties) = preSolution
		HideSolutionNode = FALSE
	EndGlobalSection
	GlobalSection(ExtensibilityGlobals) = postSolution
		SolutionGuid = {EE930C93-10D4-4613-BF11-AFCD7D9F86ED}
	EndGlobalSection
EndGlobal
