
Microsoft Visual Studio Solution File, Format Version 12.00
# Visual Studio Version 17
VisualStudioVersion = 17.10.35013.160
MinimumVisualStudioVersion = 10.0.40219.1
Project("{2150E333-8FDC-42A3-9474-1A3956D46DE8}") = "src", "src", "{BB74324C-FBE9-4FD8-AE30-08770BED1036}"
EndProject
Project("{9A19103F-16F7-4668-BE54-9A1E7A4F7556}") = "MechkeyShop", "MechkeyShop\MechkeyShop.csproj", "{A17F66BB-9A91-45E1-81AF-D5DD5330E8BF}"
EndProject
Project("{9A19103F-16F7-4668-BE54-9A1E7A4F7556}") = "Shared", "Shared\Shared.csproj", "{4DBFF9DB-9E51-478B-B159-E2ACACC6660F}"
EndProject
Project("{2150E333-8FDC-42A3-9474-1A3956D46DE8}") = "test", "test", "{45619117-D2E0-4702-B8C3-96AF526E6FE6}"
EndProject
Project("{9A19103F-16F7-4668-BE54-9A1E7A4F7556}") = "Application.Test", "test\Application.Tests\Application.Test.csproj", "{37B3820D-A339-4421-BCAA-2BA7981E9BEE}"
EndProject
Project("{9A19103F-16F7-4668-BE54-9A1E7A4F7556}") = "Abstraction", "test\Abstraction\Abstraction.csproj", "{FEE1B39C-D6B6-4779-AE9F-730EB28E787B}"
EndProject
Project("{2150E333-8FDC-42A3-9474-1A3956D46DE8}") = "gateway", "gateway", "{7B0BBF05-1EEC-4A6D-90EE-CCD7739BD10B}"
EndProject
Project("{9A19103F-16F7-4668-BE54-9A1E7A4F7556}") = "Mechkey.Gateway", "Yarp\Mechkey.Yarp\Mechkey.Gateway.csproj", "{6865CF9C-3C67-4617-B6F2-055BF3FC0A44}"
EndProject
Project("{2150E333-8FDC-42A3-9474-1A3956D46DE8}") = "services", "services", "{3AF588D8-86BD-49F4-A6EE-855CD54B4DE2}"
EndProject
Project("{2150E333-8FDC-42A3-9474-1A3956D46DE8}") = "apphost", "apphost", "{566C1C97-B849-4331-815B-498CD49CF26E}"
EndProject
Project("{9A19103F-16F7-4668-BE54-9A1E7A4F7556}") = "MechKey.ServiceDefaults", "MechKey.ServiceDefaults\MechKey.ServiceDefaults.csproj", "{3EAA7863-E99B-4F4A-BE78-11AACA0A04FF}"
EndProject
Project("{9A19103F-16F7-4668-BE54-9A1E7A4F7556}") = "MechKey.AppHost", "MechKey.AppHost\MechKey.AppHost.csproj", "{D8C1CC49-E2CC-44BA-886A-A68AE9A2D831}"
EndProject
Project("{9A19103F-16F7-4668-BE54-9A1E7A4F7556}") = "EventBus", "EventBus\EventBus.csproj", "{0A0503F2-BE8D-4F44-B8A6-0806D65692F7}"
EndProject
Project("{9A19103F-16F7-4668-BE54-9A1E7A4F7556}") = "MechKey.Application", "MechKey.Application\MechKey.Application.csproj", "{F9B4B3F1-9332-48EA-888A-C99FC70E457D}"
EndProject
Project("{9A19103F-16F7-4668-BE54-9A1E7A4F7556}") = "MechKey.Infrastructure", "MechKey.Infrastructure\MechKey.Infrastructure.csproj", "{1480FA21-1AA0-4758-8A96-0111052C49A2}"
EndProject
Project("{9A19103F-16F7-4668-BE54-9A1E7A4F7556}") = "MechKey.Domain", "MechKey.Domain\MechKey.Domain.csproj", "{C49C8955-BA1E-4652-A153-128D2C897DCD}"
EndProject
Project("{9A19103F-16F7-4668-BE54-9A1E7A4F7556}") = "WebAPI", "MechKey.WebAPI\WebAPI.csproj", "{47540C96-8B9D-48B2-B096-0093B0E31060}"
EndProject
Project("{2150E333-8FDC-42A3-9474-1A3956D46DE8}") = "Notification.Service", "Notification.Service", "{B3F13809-5801-4F7C-8BD1-9C57C1C8BD47}"
EndProject
Project("{9A19103F-16F7-4668-BE54-9A1E7A4F7556}") = "Notification.Application", "Services\Notifcation.Service\Notification.Application\Notification.Application.csproj", "{E6788CDD-7F4F-48A9-B83D-4165F8947D1F}"
EndProject
Project("{9A19103F-16F7-4668-BE54-9A1E7A4F7556}") = "Notification.Infrastructure", "Services\Notifcation.Service\Notification.Infrastructure\Notification.Infrastructure.csproj", "{36F109C3-1BD2-4D8A-90DB-8B4DC34B6452}"
EndProject
Project("{9A19103F-16F7-4668-BE54-9A1E7A4F7556}") = "Notification.Consumer", "Services\Notifcation.Service\Notification.Consumer\Notification.Consumer.csproj", "{DBF99EB0-A286-4C85-9EA7-870D7B604EF6}"
EndProject
Project("{9A19103F-16F7-4668-BE54-9A1E7A4F7556}") = "Notifcation.Api", "Services\Notifcation.Service\Notifcation.Api\Notifcation.Api.csproj", "{8108DBBE-B091-4FDC-8168-DB31CB6DA60F}"
EndProject
Project("{9A19103F-16F7-4668-BE54-9A1E7A4F7556}") = "Contracts", "Contracts\Contracts.csproj", "{302A2F4C-5DE5-4B10-8A3D-80712FB6A7A6}"
EndProject
Project("{9A19103F-16F7-4668-BE54-9A1E7A4F7556}") = "Notification.Domain", "Services\Notifcation.Service\Notification.Domain\Notification.Domain.csproj", "{8211531F-75BA-43FE-A900-548110259E19}"
EndProject
Project("{2150E333-8FDC-42A3-9474-1A3956D46DE8}") = "Order.Service", "Order.Service", "{69BE3721-708D-4612-A4FA-B6A3E211E7AE}"
EndProject
Project("{FAE04EC0-301F-11D3-BF4B-00C04F79EFBC}") = "Order.Domain", "Services\Order.Service\Order.Domain\Order.Domain.csproj", "{DD0435A8-1579-41E0-9585-B9E128F005BE}"
EndProject
Project("{2150E333-8FDC-42A3-9474-1A3956D46DE8}") = "Order.Service.Tests", "Order.Service.Tests", "{21804A20-7DC0-444E-B64F-A3BAC4741220}"
EndProject
Project("{2150E333-8FDC-42A3-9474-1A3956D46DE8}") = "Domain", "Domain", "{8564C5BC-0314-47C7-B2D3-FA7F0CA504C4}"
EndProject
Project("{FAE04EC0-301F-11D3-BF4B-00C04F79EFBC}") = "OrderAggregateTests", "Services\Order.Service\Order.Service.Tests\Domain\OrderAggregateTests\OrderAggregateTests.csproj", "{22AB67E5-49EF-45DA-A481-2E588CB071B4}"
EndProject
Project("{FAE04EC0-301F-11D3-BF4B-00C04F79EFBC}") = "Order.Application", "Services\Order.Service\Order.Application\Order.Application.csproj", "{71FB2774-5413-45DA-B1A4-B49B9CE096CA}"
EndProject
Project("{FAE04EC0-301F-11D3-BF4B-00C04F79EFBC}") = "Order.Infrastructure", "Services\Order.Service\Order.Infrastructure\Order.Infrastructure.csproj", "{F3B95825-7199-4AD7-AED4-860DF17B06B1}"
EndProject
Project("{FAE04EC0-301F-11D3-BF4B-00C04F79EFBC}") = "Order.Api", "Services\Order.Service\Order.Api\Order.Api.csproj", "{C79AECA9-C5DD-46FB-9A39-307E6F368E36}"
EndProject
Project("{FAE04EC0-301F-11D3-BF4B-00C04F79EFBC}") = "Order.Shared", "Services\Order.Service\Order.Shared\Order.Shared.csproj", "{465251FD-1202-4D62-8726-DD0E503144BA}"
EndProject
Project("{2150E333-8FDC-42A3-9474-1A3956D46DE8}") = "Catalog.Service", "Catalog.Service", "{02EA681E-C7D8-13C7-8484-4AC65E1B71E8}"
EndProject
Project("{2150E333-8FDC-42A3-9474-1A3956D46DE8}") = "shared", "shared", "{E09A17CF-FE04-4CA8-B71A-D7F2B6C4694C}"
EndProject
Project("{2150E333-8FDC-42A3-9474-1A3956D46DE8}") = "infra", "infra", "{D90CD5CD-5BAF-4A83-9759-390F2C5128D1}"
EndProject
Global
	GlobalSection(SolutionConfigurationPlatforms) = preSolution
		Debug|Any CPU = Debug|Any CPU
		Release|Any CPU = Release|Any CPU
	EndGlobalSection
	GlobalSection(ProjectConfigurationPlatforms) = postSolution
		{A17F66BB-9A91-45E1-81AF-D5DD5330E8BF}.Debug|Any CPU.ActiveCfg = Debug|Any CPU
		{A17F66BB-9A91-45E1-81AF-D5DD5330E8BF}.Debug|Any CPU.Build.0 = Debug|Any CPU
		{A17F66BB-9A91-45E1-81AF-D5DD5330E8BF}.Release|Any CPU.ActiveCfg = Release|Any CPU
		{A17F66BB-9A91-45E1-81AF-D5DD5330E8BF}.Release|Any CPU.Build.0 = Release|Any CPU
		{4DBFF9DB-9E51-478B-B159-E2ACACC6660F}.Debug|Any CPU.ActiveCfg = Debug|Any CPU
		{4DBFF9DB-9E51-478B-B159-E2ACACC6660F}.Debug|Any CPU.Build.0 = Debug|Any CPU
		{4DBFF9DB-9E51-478B-B159-E2ACACC6660F}.Release|Any CPU.ActiveCfg = Release|Any CPU
		{4DBFF9DB-9E51-478B-B159-E2ACACC6660F}.Release|Any CPU.Build.0 = Release|Any CPU
		{37B3820D-A339-4421-BCAA-2BA7981E9BEE}.Debug|Any CPU.ActiveCfg = Debug|Any CPU
		{37B3820D-A339-4421-BCAA-2BA7981E9BEE}.Debug|Any CPU.Build.0 = Debug|Any CPU
		{37B3820D-A339-4421-BCAA-2BA7981E9BEE}.Release|Any CPU.ActiveCfg = Release|Any CPU
		{37B3820D-A339-4421-BCAA-2BA7981E9BEE}.Release|Any CPU.Build.0 = Release|Any CPU
		{FEE1B39C-D6B6-4779-AE9F-730EB28E787B}.Debug|Any CPU.ActiveCfg = Debug|Any CPU
		{FEE1B39C-D6B6-4779-AE9F-730EB28E787B}.Debug|Any CPU.Build.0 = Debug|Any CPU
		{FEE1B39C-D6B6-4779-AE9F-730EB28E787B}.Release|Any CPU.ActiveCfg = Release|Any CPU
		{FEE1B39C-D6B6-4779-AE9F-730EB28E787B}.Release|Any CPU.Build.0 = Release|Any CPU
		{6865CF9C-3C67-4617-B6F2-055BF3FC0A44}.Debug|Any CPU.ActiveCfg = Debug|Any CPU
		{6865CF9C-3C67-4617-B6F2-055BF3FC0A44}.Debug|Any CPU.Build.0 = Debug|Any CPU
		{6865CF9C-3C67-4617-B6F2-055BF3FC0A44}.Release|Any CPU.ActiveCfg = Release|Any CPU
		{6865CF9C-3C67-4617-B6F2-055BF3FC0A44}.Release|Any CPU.Build.0 = Release|Any CPU
		{3EAA7863-E99B-4F4A-BE78-11AACA0A04FF}.Debug|Any CPU.ActiveCfg = Debug|Any CPU
		{3EAA7863-E99B-4F4A-BE78-11AACA0A04FF}.Debug|Any CPU.Build.0 = Debug|Any CPU
		{3EAA7863-E99B-4F4A-BE78-11AACA0A04FF}.Release|Any CPU.ActiveCfg = Release|Any CPU
		{3EAA7863-E99B-4F4A-BE78-11AACA0A04FF}.Release|Any CPU.Build.0 = Release|Any CPU
		{D8C1CC49-E2CC-44BA-886A-A68AE9A2D831}.Debug|Any CPU.ActiveCfg = Debug|Any CPU
		{D8C1CC49-E2CC-44BA-886A-A68AE9A2D831}.Debug|Any CPU.Build.0 = Debug|Any CPU
		{D8C1CC49-E2CC-44BA-886A-A68AE9A2D831}.Release|Any CPU.ActiveCfg = Release|Any CPU
		{D8C1CC49-E2CC-44BA-886A-A68AE9A2D831}.Release|Any CPU.Build.0 = Release|Any CPU
		{0A0503F2-BE8D-4F44-B8A6-0806D65692F7}.Debug|Any CPU.ActiveCfg = Debug|Any CPU
		{0A0503F2-BE8D-4F44-B8A6-0806D65692F7}.Debug|Any CPU.Build.0 = Debug|Any CPU
		{0A0503F2-BE8D-4F44-B8A6-0806D65692F7}.Release|Any CPU.ActiveCfg = Release|Any CPU
		{0A0503F2-BE8D-4F44-B8A6-0806D65692F7}.Release|Any CPU.Build.0 = Release|Any CPU
		{F9B4B3F1-9332-48EA-888A-C99FC70E457D}.Debug|Any CPU.ActiveCfg = Debug|Any CPU
		{F9B4B3F1-9332-48EA-888A-C99FC70E457D}.Debug|Any CPU.Build.0 = Debug|Any CPU
		{F9B4B3F1-9332-48EA-888A-C99FC70E457D}.Release|Any CPU.ActiveCfg = Release|Any CPU
		{F9B4B3F1-9332-48EA-888A-C99FC70E457D}.Release|Any CPU.Build.0 = Release|Any CPU
		{1480FA21-1AA0-4758-8A96-0111052C49A2}.Debug|Any CPU.ActiveCfg = Debug|Any CPU
		{1480FA21-1AA0-4758-8A96-0111052C49A2}.Debug|Any CPU.Build.0 = Debug|Any CPU
		{1480FA21-1AA0-4758-8A96-0111052C49A2}.Release|Any CPU.ActiveCfg = Release|Any CPU
		{1480FA21-1AA0-4758-8A96-0111052C49A2}.Release|Any CPU.Build.0 = Release|Any CPU
		{C49C8955-BA1E-4652-A153-128D2C897DCD}.Debug|Any CPU.ActiveCfg = Debug|Any CPU
		{C49C8955-BA1E-4652-A153-128D2C897DCD}.Debug|Any CPU.Build.0 = Debug|Any CPU
		{C49C8955-BA1E-4652-A153-128D2C897DCD}.Release|Any CPU.ActiveCfg = Release|Any CPU
		{C49C8955-BA1E-4652-A153-128D2C897DCD}.Release|Any CPU.Build.0 = Release|Any CPU
		{47540C96-8B9D-48B2-B096-0093B0E31060}.Debug|Any CPU.ActiveCfg = Debug|Any CPU
		{47540C96-8B9D-48B2-B096-0093B0E31060}.Debug|Any CPU.Build.0 = Debug|Any CPU
		{47540C96-8B9D-48B2-B096-0093B0E31060}.Release|Any CPU.ActiveCfg = Release|Any CPU
		{47540C96-8B9D-48B2-B096-0093B0E31060}.Release|Any CPU.Build.0 = Release|Any CPU
		{E6788CDD-7F4F-48A9-B83D-4165F8947D1F}.Debug|Any CPU.ActiveCfg = Debug|Any CPU
		{E6788CDD-7F4F-48A9-B83D-4165F8947D1F}.Debug|Any CPU.Build.0 = Debug|Any CPU
		{E6788CDD-7F4F-48A9-B83D-4165F8947D1F}.Release|Any CPU.ActiveCfg = Release|Any CPU
		{E6788CDD-7F4F-48A9-B83D-4165F8947D1F}.Release|Any CPU.Build.0 = Release|Any CPU
		{36F109C3-1BD2-4D8A-90DB-8B4DC34B6452}.Debug|Any CPU.ActiveCfg = Debug|Any CPU
		{36F109C3-1BD2-4D8A-90DB-8B4DC34B6452}.Debug|Any CPU.Build.0 = Debug|Any CPU
		{36F109C3-1BD2-4D8A-90DB-8B4DC34B6452}.Release|Any CPU.ActiveCfg = Release|Any CPU
		{36F109C3-1BD2-4D8A-90DB-8B4DC34B6452}.Release|Any CPU.Build.0 = Release|Any CPU
		{DBF99EB0-A286-4C85-9EA7-870D7B604EF6}.Debug|Any CPU.ActiveCfg = Debug|Any CPU
		{DBF99EB0-A286-4C85-9EA7-870D7B604EF6}.Debug|Any CPU.Build.0 = Debug|Any CPU
		{DBF99EB0-A286-4C85-9EA7-870D7B604EF6}.Release|Any CPU.ActiveCfg = Release|Any CPU
		{DBF99EB0-A286-4C85-9EA7-870D7B604EF6}.Release|Any CPU.Build.0 = Release|Any CPU
		{8108DBBE-B091-4FDC-8168-DB31CB6DA60F}.Debug|Any CPU.ActiveCfg = Debug|Any CPU
		{8108DBBE-B091-4FDC-8168-DB31CB6DA60F}.Debug|Any CPU.Build.0 = Debug|Any CPU
		{8108DBBE-B091-4FDC-8168-DB31CB6DA60F}.Release|Any CPU.ActiveCfg = Release|Any CPU
		{8108DBBE-B091-4FDC-8168-DB31CB6DA60F}.Release|Any CPU.Build.0 = Release|Any CPU
		{302A2F4C-5DE5-4B10-8A3D-80712FB6A7A6}.Debug|Any CPU.ActiveCfg = Debug|Any CPU
		{302A2F4C-5DE5-4B10-8A3D-80712FB6A7A6}.Debug|Any CPU.Build.0 = Debug|Any CPU
		{302A2F4C-5DE5-4B10-8A3D-80712FB6A7A6}.Release|Any CPU.ActiveCfg = Release|Any CPU
		{302A2F4C-5DE5-4B10-8A3D-80712FB6A7A6}.Release|Any CPU.Build.0 = Release|Any CPU
		{8211531F-75BA-43FE-A900-548110259E19}.Debug|Any CPU.ActiveCfg = Debug|Any CPU
		{8211531F-75BA-43FE-A900-548110259E19}.Debug|Any CPU.Build.0 = Debug|Any CPU
		{8211531F-75BA-43FE-A900-548110259E19}.Release|Any CPU.ActiveCfg = Release|Any CPU
		{8211531F-75BA-43FE-A900-548110259E19}.Release|Any CPU.Build.0 = Release|Any CPU
		{DD0435A8-1579-41E0-9585-B9E128F005BE}.Debug|Any CPU.ActiveCfg = Debug|Any CPU
		{DD0435A8-1579-41E0-9585-B9E128F005BE}.Debug|Any CPU.Build.0 = Debug|Any CPU
		{DD0435A8-1579-41E0-9585-B9E128F005BE}.Release|Any CPU.ActiveCfg = Release|Any CPU
		{DD0435A8-1579-41E0-9585-B9E128F005BE}.Release|Any CPU.Build.0 = Release|Any CPU
		{22AB67E5-49EF-45DA-A481-2E588CB071B4}.Debug|Any CPU.ActiveCfg = Debug|Any CPU
		{22AB67E5-49EF-45DA-A481-2E588CB071B4}.Debug|Any CPU.Build.0 = Debug|Any CPU
		{22AB67E5-49EF-45DA-A481-2E588CB071B4}.Release|Any CPU.ActiveCfg = Release|Any CPU
		{22AB67E5-49EF-45DA-A481-2E588CB071B4}.Release|Any CPU.Build.0 = Release|Any CPU
		{71FB2774-5413-45DA-B1A4-B49B9CE096CA}.Debug|Any CPU.ActiveCfg = Debug|Any CPU
		{71FB2774-5413-45DA-B1A4-B49B9CE096CA}.Debug|Any CPU.Build.0 = Debug|Any CPU
		{71FB2774-5413-45DA-B1A4-B49B9CE096CA}.Release|Any CPU.ActiveCfg = Release|Any CPU
		{71FB2774-5413-45DA-B1A4-B49B9CE096CA}.Release|Any CPU.Build.0 = Release|Any CPU
		{F3B95825-7199-4AD7-AED4-860DF17B06B1}.Debug|Any CPU.ActiveCfg = Debug|Any CPU
		{F3B95825-7199-4AD7-AED4-860DF17B06B1}.Debug|Any CPU.Build.0 = Debug|Any CPU
		{F3B95825-7199-4AD7-AED4-860DF17B06B1}.Release|Any CPU.ActiveCfg = Release|Any CPU
		{F3B95825-7199-4AD7-AED4-860DF17B06B1}.Release|Any CPU.Build.0 = Release|Any CPU
		{C79AECA9-C5DD-46FB-9A39-307E6F368E36}.Debug|Any CPU.ActiveCfg = Debug|Any CPU
		{C79AECA9-C5DD-46FB-9A39-307E6F368E36}.Debug|Any CPU.Build.0 = Debug|Any CPU
		{C79AECA9-C5DD-46FB-9A39-307E6F368E36}.Release|Any CPU.ActiveCfg = Release|Any CPU
		{C79AECA9-C5DD-46FB-9A39-307E6F368E36}.Release|Any CPU.Build.0 = Release|Any CPU
		{465251FD-1202-4D62-8726-DD0E503144BA}.Debug|Any CPU.ActiveCfg = Debug|Any CPU
		{465251FD-1202-4D62-8726-DD0E503144BA}.Debug|Any CPU.Build.0 = Debug|Any CPU
		{465251FD-1202-4D62-8726-DD0E503144BA}.Release|Any CPU.ActiveCfg = Release|Any CPU
		{465251FD-1202-4D62-8726-DD0E503144BA}.Release|Any CPU.Build.0 = Release|Any CPU
	EndGlobalSection
	GlobalSection(SolutionProperties) = preSolution
		HideSolutionNode = FALSE
	EndGlobalSection
	GlobalSection(NestedProjects) = preSolution
		{A17F66BB-9A91-45E1-81AF-D5DD5330E8BF} = {02EA681E-C7D8-13C7-8484-4AC65E1B71E8}
		{4DBFF9DB-9E51-478B-B159-E2ACACC6660F} = {E09A17CF-FE04-4CA8-B71A-D7F2B6C4694C}
		{37B3820D-A339-4421-BCAA-2BA7981E9BEE} = {45619117-D2E0-4702-B8C3-96AF526E6FE6}
		{FEE1B39C-D6B6-4779-AE9F-730EB28E787B} = {45619117-D2E0-4702-B8C3-96AF526E6FE6}
		{7B0BBF05-1EEC-4A6D-90EE-CCD7739BD10B} = {BB74324C-FBE9-4FD8-AE30-08770BED1036}
		{6865CF9C-3C67-4617-B6F2-055BF3FC0A44} = {7B0BBF05-1EEC-4A6D-90EE-CCD7739BD10B}
		{3AF588D8-86BD-49F4-A6EE-855CD54B4DE2} = {BB74324C-FBE9-4FD8-AE30-08770BED1036}
		{566C1C97-B849-4331-815B-498CD49CF26E} = {BB74324C-FBE9-4FD8-AE30-08770BED1036}
		{3EAA7863-E99B-4F4A-BE78-11AACA0A04FF} = {566C1C97-B849-4331-815B-498CD49CF26E}
		{D8C1CC49-E2CC-44BA-886A-A68AE9A2D831} = {566C1C97-B849-4331-815B-498CD49CF26E}
		{0A0503F2-BE8D-4F44-B8A6-0806D65692F7} = {E09A17CF-FE04-4CA8-B71A-D7F2B6C4694C}
		{F9B4B3F1-9332-48EA-888A-C99FC70E457D} = {02EA681E-C7D8-13C7-8484-4AC65E1B71E8}
		{1480FA21-1AA0-4758-8A96-0111052C49A2} = {02EA681E-C7D8-13C7-8484-4AC65E1B71E8}
		{C49C8955-BA1E-4652-A153-128D2C897DCD} = {02EA681E-C7D8-13C7-8484-4AC65E1B71E8}
		{47540C96-8B9D-48B2-B096-0093B0E31060} = {02EA681E-C7D8-13C7-8484-4AC65E1B71E8}
		{B3F13809-5801-4F7C-8BD1-9C57C1C8BD47} = {3AF588D8-86BD-49F4-A6EE-855CD54B4DE2}
		{E6788CDD-7F4F-48A9-B83D-4165F8947D1F} = {B3F13809-5801-4F7C-8BD1-9C57C1C8BD47}
		{36F109C3-1BD2-4D8A-90DB-8B4DC34B6452} = {B3F13809-5801-4F7C-8BD1-9C57C1C8BD47}
		{DBF99EB0-A286-4C85-9EA7-870D7B604EF6} = {B3F13809-5801-4F7C-8BD1-9C57C1C8BD47}
		{8108DBBE-B091-4FDC-8168-DB31CB6DA60F} = {B3F13809-5801-4F7C-8BD1-9C57C1C8BD47}
		{302A2F4C-5DE5-4B10-8A3D-80712FB6A7A6} = {E09A17CF-FE04-4CA8-B71A-D7F2B6C4694C}
		{8211531F-75BA-43FE-A900-548110259E19} = {B3F13809-5801-4F7C-8BD1-9C57C1C8BD47}
		{69BE3721-708D-4612-A4FA-B6A3E211E7AE} = {3AF588D8-86BD-49F4-A6EE-855CD54B4DE2}
		{DD0435A8-1579-41E0-9585-B9E128F005BE} = {69BE3721-708D-4612-A4FA-B6A3E211E7AE}
		{21804A20-7DC0-444E-B64F-A3BAC4741220} = {69BE3721-708D-4612-A4FA-B6A3E211E7AE}
		{8564C5BC-0314-47C7-B2D3-FA7F0CA504C4} = {21804A20-7DC0-444E-B64F-A3BAC4741220}
		{22AB67E5-49EF-45DA-A481-2E588CB071B4} = {8564C5BC-0314-47C7-B2D3-FA7F0CA504C4}
		{71FB2774-5413-45DA-B1A4-B49B9CE096CA} = {69BE3721-708D-4612-A4FA-B6A3E211E7AE}
		{F3B95825-7199-4AD7-AED4-860DF17B06B1} = {69BE3721-708D-4612-A4FA-B6A3E211E7AE}
		{C79AECA9-C5DD-46FB-9A39-307E6F368E36} = {69BE3721-708D-4612-A4FA-B6A3E211E7AE}
		{465251FD-1202-4D62-8726-DD0E503144BA} = {69BE3721-708D-4612-A4FA-B6A3E211E7AE}
		{02EA681E-C7D8-13C7-8484-4AC65E1B71E8} = {3AF588D8-86BD-49F4-A6EE-855CD54B4DE2}
		{E09A17CF-FE04-4CA8-B71A-D7F2B6C4694C} = {BB74324C-FBE9-4FD8-AE30-08770BED1036}
		{D90CD5CD-5BAF-4A83-9759-390F2C5128D1} = {BB74324C-FBE9-4FD8-AE30-08770BED1036}
	EndGlobalSection
	GlobalSection(ExtensibilityGlobals) = postSolution
		SolutionGuid = {1D23C3DD-5D38-4C14-97F6-8C50D23BC48A}
	EndGlobalSection
EndGlobal
